
Microsoft Visual Studio Solution File, Format Version 12.00
# Visual Studio Version 17
VisualStudioVersion = 17.4.33205.214
MinimumVisualStudioVersion = 10.0.40219.1
Project("{FAE04EC0-301F-11D3-BF4B-00C04F79EFBC}") = "nathanielbedassie", "nathanielbedassie.csproj", "{AD14EC11-4807-40E7-B547-72D27440087D}"
EndProject
Global
	GlobalSection(SolutionConfigurationPlatforms) = preSolution
		Debug|Any CPU = Debug|Any CPU
		Release|Any CPU = Release|Any CPU
	EndGlobalSection
	GlobalSection(ProjectConfigurationPlatforms) = postSolution
		{AD14EC11-4807-40E7-B547-72D27440087D}.Debug|Any CPU.ActiveCfg = Debug|Any CPU
		{AD14EC11-4807-40E7-B547-72D27440087D}.Debug|Any CPU.Build.0 = Debug|Any CPU
		{AD14EC11-4807-40E7-B547-72D27440087D}.Release|Any CPU.ActiveCfg = Release|Any CPU
		{AD14EC11-4807-40E7-B547-72D27440087D}.Release|Any CPU.Build.0 = Release|Any CPU
	EndGlobalSection
	GlobalSection(SolutionProperties) = preSolution
		HideSolutionNode = FALSE
	EndGlobalSection
	GlobalSection(ExtensibilityGlobals) = postSolution
		SolutionGuid = {955BEDAA-DFD8-4F36-99DE-F0EA0B6897FC}
	EndGlobalSection
EndGlobal
